
Microsoft Visual Studio Solution File, Format Version 12.00
# Visual Studio Version 17
VisualStudioVersion = 17.4.33213.308
MinimumVisualStudioVersion = 10.0.40219.1
Project("{8BC9CEB8-8B4A-11D0-8D11-00A0C91BC942}") = "LW_ECG", "LW_ECG\LW_ECG.vcxproj", "{1A28ECF6-760A-4F01-81CC-CC61D2DC32D6}"
EndProject
Global
	GlobalSection(SolutionConfigurationPlatforms) = preSolution
		Debug|x64 = Debug|x64
		Debug|x86 = Debug|x86
		Release|x64 = Release|x64
		Release|x86 = Release|x86
	EndGlobalSection
	GlobalSection(ProjectConfigurationPlatforms) = postSolution
		{1A28ECF6-760A-4F01-81CC-CC61D2DC32D6}.Debug|x64.ActiveCfg = Debug|x64
		{1A28ECF6-760A-4F01-81CC-CC61D2DC32D6}.Debug|x64.Build.0 = Debug|x64
		{1A28ECF6-760A-4F01-81CC-CC61D2DC32D6}.Debug|x86.ActiveCfg = Debug|Win32
		{1A28ECF6-760A-4F01-81CC-CC61D2DC32D6}.Debug|x86.Build.0 = Debug|Win32
		{1A28ECF6-760A-4F01-81CC-CC61D2DC32D6}.Release|x64.ActiveCfg = Release|x64
		{1A28ECF6-760A-4F01-81CC-CC61D2DC32D6}.Release|x64.Build.0 = Release|x64
		{1A28ECF6-760A-4F01-81CC-CC61D2DC32D6}.Release|x86.ActiveCfg = Release|Win32
		{1A28ECF6-760A-4F01-81CC-CC61D2DC32D6}.Release|x86.Build.0 = Release|Win32
	EndGlobalSection
	GlobalSection(SolutionProperties) = preSolution
		HideSolutionNode = FALSE
	EndGlobalSection
	GlobalSection(ExtensibilityGlobals) = postSolution
		SolutionGuid = {CA51AF85-D1DB-4BB9-B376-BC820F731896}
	EndGlobalSection
EndGlobal
